
Microsoft Visual Studio Solution File, Format Version 12.00
# Visual Studio Version 17
VisualStudioVersion = 17.2.32516.85
MinimumVisualStudioVersion = 10.0.40219.1
Project("{9A19103F-16F7-4668-BE54-9A1E7A4F7556}") = "MedicationApi", "MedicationApi\MedicationApi.csproj", "{655F203B-AF75-4590-9553-8B7E4B253134}"
EndProject
Project("{9A19103F-16F7-4668-BE54-9A1E7A4F7556}") = "DataAccess", "DataAccess\DataAccess.csproj", "{B8D59DED-9696-4282-AC40-92221E824FDB}"
EndProject
Project("{9A19103F-16F7-4668-BE54-9A1E7A4F7556}") = "BusinessLogic", "BusinessLogic\BusinessLogic.csproj", "{16151049-0811-4BBA-BFCD-13AE200AA52E}"
EndProject
Project("{9A19103F-16F7-4668-BE54-9A1E7A4F7556}") = "BusinessLogic.Test", "BusinessLogic.Test\BusinessLogic.Test.csproj", "{6F3F9CDD-9F27-4491-821E-9ACBA91DD302}"
EndProject
Project("{9A19103F-16F7-4668-BE54-9A1E7A4F7556}") = "MedicationApi.Test", "MedicationApi.Test\MedicationApi.Test.csproj", "{10360E45-7FCB-4BDE-A902-F8BB66349721}"
EndProject
Project("{9A19103F-16F7-4668-BE54-9A1E7A4F7556}") = "Authorization", "Authorization\Authorization.csproj", "{87888E17-F535-4F24-9BD3-C64FA946F64F}"
EndProject
Project("{9A19103F-16F7-4668-BE54-9A1E7A4F7556}") = "UserApi", "UserApi\UserApi.csproj", "{E6B55618-1AFC-46C0-A6C0-E7A0B9B764CC}"
EndProject
Project("{9A19103F-16F7-4668-BE54-9A1E7A4F7556}") = "UserApi.Test", "UserApi.Test\UserApi.Test.csproj", "{F7F24785-075F-4AFF-AA4F-A64C98EFC36F}"
EndProject
Project("{2150E333-8FDC-42A3-9474-1A3956D46DE8}") = "APIs", "APIs", "{222C32D9-3008-4989-B5CB-75CFBB29835D}"
EndProject
Project("{2150E333-8FDC-42A3-9474-1A3956D46DE8}") = "MedicationApi", "MedicationApi", "{39CD2767-0129-48D3-B411-F6790CC86DB7}"
EndProject
Project("{2150E333-8FDC-42A3-9474-1A3956D46DE8}") = "UserApi", "UserApi", "{6673DDC6-BF83-42E5-B381-BEB303477F3E}"
EndProject
Project("{2150E333-8FDC-42A3-9474-1A3956D46DE8}") = "BusinessLayer", "BusinessLayer", "{13EB3564-D4E3-4E4A-ADC0-5AC9285FBABB}"
EndProject
Project("{2150E333-8FDC-42A3-9474-1A3956D46DE8}") = "DataLayer", "DataLayer", "{664BCCAA-C1AB-4E1C-9FEC-DF4AA554444D}"
EndProject
Project("{2150E333-8FDC-42A3-9474-1A3956D46DE8}") = "Common", "Common", "{E9C0A89D-EF67-4AD5-9820-952CF9E405FC}"
EndProject
Global
	GlobalSection(SolutionConfigurationPlatforms) = preSolution
		Debug|Any CPU = Debug|Any CPU
		Release|Any CPU = Release|Any CPU
	EndGlobalSection
	GlobalSection(ProjectConfigurationPlatforms) = postSolution
		{655F203B-AF75-4590-9553-8B7E4B253134}.Debug|Any CPU.ActiveCfg = Debug|Any CPU
		{655F203B-AF75-4590-9553-8B7E4B253134}.Debug|Any CPU.Build.0 = Debug|Any CPU
		{655F203B-AF75-4590-9553-8B7E4B253134}.Release|Any CPU.ActiveCfg = Release|Any CPU
		{655F203B-AF75-4590-9553-8B7E4B253134}.Release|Any CPU.Build.0 = Release|Any CPU
		{B8D59DED-9696-4282-AC40-92221E824FDB}.Debug|Any CPU.ActiveCfg = Debug|Any CPU
		{B8D59DED-9696-4282-AC40-92221E824FDB}.Debug|Any CPU.Build.0 = Debug|Any CPU
		{B8D59DED-9696-4282-AC40-92221E824FDB}.Release|Any CPU.ActiveCfg = Release|Any CPU
		{B8D59DED-9696-4282-AC40-92221E824FDB}.Release|Any CPU.Build.0 = Release|Any CPU
		{16151049-0811-4BBA-BFCD-13AE200AA52E}.Debug|Any CPU.ActiveCfg = Debug|Any CPU
		{16151049-0811-4BBA-BFCD-13AE200AA52E}.Debug|Any CPU.Build.0 = Debug|Any CPU
		{16151049-0811-4BBA-BFCD-13AE200AA52E}.Release|Any CPU.ActiveCfg = Release|Any CPU
		{16151049-0811-4BBA-BFCD-13AE200AA52E}.Release|Any CPU.Build.0 = Release|Any CPU
		{6F3F9CDD-9F27-4491-821E-9ACBA91DD302}.Debug|Any CPU.ActiveCfg = Debug|Any CPU
		{6F3F9CDD-9F27-4491-821E-9ACBA91DD302}.Debug|Any CPU.Build.0 = Debug|Any CPU
		{6F3F9CDD-9F27-4491-821E-9ACBA91DD302}.Release|Any CPU.ActiveCfg = Release|Any CPU
		{6F3F9CDD-9F27-4491-821E-9ACBA91DD302}.Release|Any CPU.Build.0 = Release|Any CPU
		{10360E45-7FCB-4BDE-A902-F8BB66349721}.Debug|Any CPU.ActiveCfg = Debug|Any CPU
		{10360E45-7FCB-4BDE-A902-F8BB66349721}.Debug|Any CPU.Build.0 = Debug|Any CPU
		{10360E45-7FCB-4BDE-A902-F8BB66349721}.Release|Any CPU.ActiveCfg = Release|Any CPU
		{10360E45-7FCB-4BDE-A902-F8BB66349721}.Release|Any CPU.Build.0 = Release|Any CPU
		{87888E17-F535-4F24-9BD3-C64FA946F64F}.Debug|Any CPU.ActiveCfg = Debug|Any CPU
		{87888E17-F535-4F24-9BD3-C64FA946F64F}.Debug|Any CPU.Build.0 = Debug|Any CPU
		{87888E17-F535-4F24-9BD3-C64FA946F64F}.Release|Any CPU.ActiveCfg = Release|Any CPU
		{87888E17-F535-4F24-9BD3-C64FA946F64F}.Release|Any CPU.Build.0 = Release|Any CPU
		{E6B55618-1AFC-46C0-A6C0-E7A0B9B764CC}.Debug|Any CPU.ActiveCfg = Debug|Any CPU
		{E6B55618-1AFC-46C0-A6C0-E7A0B9B764CC}.Debug|Any CPU.Build.0 = Debug|Any CPU
		{E6B55618-1AFC-46C0-A6C0-E7A0B9B764CC}.Release|Any CPU.ActiveCfg = Release|Any CPU
		{E6B55618-1AFC-46C0-A6C0-E7A0B9B764CC}.Release|Any CPU.Build.0 = Release|Any CPU
		{F7F24785-075F-4AFF-AA4F-A64C98EFC36F}.Debug|Any CPU.ActiveCfg = Debug|Any CPU
		{F7F24785-075F-4AFF-AA4F-A64C98EFC36F}.Debug|Any CPU.Build.0 = Debug|Any CPU
		{F7F24785-075F-4AFF-AA4F-A64C98EFC36F}.Release|Any CPU.ActiveCfg = Release|Any CPU
		{F7F24785-075F-4AFF-AA4F-A64C98EFC36F}.Release|Any CPU.Build.0 = Release|Any CPU
	EndGlobalSection
	GlobalSection(SolutionProperties) = preSolution
		HideSolutionNode = FALSE
	EndGlobalSection
	GlobalSection(NestedProjects) = preSolution
		{655F203B-AF75-4590-9553-8B7E4B253134} = {39CD2767-0129-48D3-B411-F6790CC86DB7}
		{B8D59DED-9696-4282-AC40-92221E824FDB} = {664BCCAA-C1AB-4E1C-9FEC-DF4AA554444D}
		{16151049-0811-4BBA-BFCD-13AE200AA52E} = {13EB3564-D4E3-4E4A-ADC0-5AC9285FBABB}
		{6F3F9CDD-9F27-4491-821E-9ACBA91DD302} = {13EB3564-D4E3-4E4A-ADC0-5AC9285FBABB}
		{10360E45-7FCB-4BDE-A902-F8BB66349721} = {39CD2767-0129-48D3-B411-F6790CC86DB7}
		{87888E17-F535-4F24-9BD3-C64FA946F64F} = {E9C0A89D-EF67-4AD5-9820-952CF9E405FC}
		{E6B55618-1AFC-46C0-A6C0-E7A0B9B764CC} = {6673DDC6-BF83-42E5-B381-BEB303477F3E}
		{F7F24785-075F-4AFF-AA4F-A64C98EFC36F} = {6673DDC6-BF83-42E5-B381-BEB303477F3E}
		{39CD2767-0129-48D3-B411-F6790CC86DB7} = {222C32D9-3008-4989-B5CB-75CFBB29835D}
		{6673DDC6-BF83-42E5-B381-BEB303477F3E} = {222C32D9-3008-4989-B5CB-75CFBB29835D}
	EndGlobalSection
	GlobalSection(ExtensibilityGlobals) = postSolution
		SolutionGuid = {8970AAC8-BA73-43E8-9AC4-C49A4843C848}
	EndGlobalSection
EndGlobal
