
Microsoft Visual Studio Solution File, Format Version 12.00
# Visual Studio Version 17
VisualStudioVersion = 17.2.32516.85
MinimumVisualStudioVersion = 10.0.40219.1
Project("{9A19103F-16F7-4668-BE54-9A1E7A4F7556}") = "MedicationApi", "MedicationApi\MedicationApi.csproj", "{655F203B-AF75-4590-9553-8B7E4B253134}"
EndProject
Project("{9A19103F-16F7-4668-BE54-9A1E7A4F7556}") = "DataAccess", "DataAccess\DataAccess.csproj", "{B8D59DED-9696-4282-AC40-92221E824FDB}"
EndProject
Global
	GlobalSection(SolutionConfigurationPlatforms) = preSolution
		Debug|Any CPU = Debug|Any CPU
		Release|Any CPU = Release|Any CPU
	EndGlobalSection
	GlobalSection(ProjectConfigurationPlatforms) = postSolution
		{655F203B-AF75-4590-9553-8B7E4B253134}.Debug|Any CPU.ActiveCfg = Debug|Any CPU
		{655F203B-AF75-4590-9553-8B7E4B253134}.Debug|Any CPU.Build.0 = Debug|Any CPU
		{655F203B-AF75-4590-9553-8B7E4B253134}.Release|Any CPU.ActiveCfg = Release|Any CPU
		{655F203B-AF75-4590-9553-8B7E4B253134}.Release|Any CPU.Build.0 = Release|Any CPU
		{B8D59DED-9696-4282-AC40-92221E824FDB}.Debug|Any CPU.ActiveCfg = Debug|Any CPU
		{B8D59DED-9696-4282-AC40-92221E824FDB}.Debug|Any CPU.Build.0 = Debug|Any CPU
		{B8D59DED-9696-4282-AC40-92221E824FDB}.Release|Any CPU.ActiveCfg = Release|Any CPU
		{B8D59DED-9696-4282-AC40-92221E824FDB}.Release|Any CPU.Build.0 = Release|Any CPU
	EndGlobalSection
	GlobalSection(SolutionProperties) = preSolution
		HideSolutionNode = FALSE
	EndGlobalSection
	GlobalSection(ExtensibilityGlobals) = postSolution
		SolutionGuid = {8970AAC8-BA73-43E8-9AC4-C49A4843C848}
	EndGlobalSection
EndGlobal
